// !$*UTF8*$!
{
	archiveVersion = 1;
	classes = {
	};
	objectVersion = 50;
	objects = {

/* Begin PBXBuildFile section */
		56791180243B223600A53B5F /* AppDelegate.swift in Sources */ = {isa = PBXBuildFile; fileRef = 5679117F243B223600A53B5F /* AppDelegate.swift */; };
		56791182243B223600A53B5F /* SceneDelegate.swift in Sources */ = {isa = PBXBuildFile; fileRef = 56791181243B223600A53B5F /* SceneDelegate.swift */; };
		56791184243B223600A53B5F /* ViewController.swift in Sources */ = {isa = PBXBuildFile; fileRef = 56791183243B223600A53B5F /* ViewController.swift */; };
		56791187243B223600A53B5F /* Main.storyboard in Resources */ = {isa = PBXBuildFile; fileRef = 56791185243B223600A53B5F /* Main.storyboard */; };
		56791189243B223900A53B5F /* Assets.xcassets in Resources */ = {isa = PBXBuildFile; fileRef = 56791188243B223900A53B5F /* Assets.xcassets */; };
		5679118C243B223900A53B5F /* LaunchScreen.storyboard in Resources */ = {isa = PBXBuildFile; fileRef = 5679118A243B223900A53B5F /* LaunchScreen.storyboard */; };
		56791194243B27DD00A53B5F /* model.swift in Sources */ = {isa = PBXBuildFile; fileRef = 56791193243B27DD00A53B5F /* model.swift */; };
/* End PBXBuildFile section */

/* Begin PBXFileReference section */
		5679117C243B223600A53B5F /* Slots Checker.app */ = {isa = PBXFileReference; explicitFileType = wrapper.application; includeInIndex = 0; path = "Slots Checker.app"; sourceTree = BUILT_PRODUCTS_DIR; };
		5679117F243B223600A53B5F /* AppDelegate.swift */ = {isa = PBXFileReference; lastKnownFileType = sourcecode.swift; path = AppDelegate.swift; sourceTree = "<group>"; };
		56791181243B223600A53B5F /* SceneDelegate.swift */ = {isa = PBXFileReference; lastKnownFileType = sourcecode.swift; path = SceneDelegate.swift; sourceTree = "<group>"; };
		56791183243B223600A53B5F /* ViewController.swift */ = {isa = PBXFileReference; lastKnownFileType = sourcecode.swift; path = ViewController.swift; sourceTree = "<group>"; };
		56791186243B223600A53B5F /* Base */ = {isa = PBXFileReference; lastKnownFileType = file.storyboard; name = Base; path = Base.lproj/Main.storyboard; sourceTree = "<group>"; };
		56791188243B223900A53B5F /* Assets.xcassets */ = {isa = PBXFileReference; lastKnownFileType = folder.assetcatalog; path = Assets.xcassets; sourceTree = "<group>"; };
		5679118B243B223900A53B5F /* Base */ = {isa = PBXFileReference; lastKnownFileType = file.storyboard; name = Base; path = Base.lproj/LaunchScreen.storyboard; sourceTree = "<group>"; };
		5679118D243B223900A53B5F /* Info.plist */ = {isa = PBXFileReference; lastKnownFileType = text.plist.xml; path = Info.plist; sourceTree = "<group>"; };
		56791193243B27DD00A53B5F /* model.swift */ = {isa = PBXFileReference; lastKnownFileType = sourcecode.swift; path = model.swift; sourceTree = "<group>"; };
/* End PBXFileReference section */

/* Begin PBXFrameworksBuildPhase section */
		56791179243B223600A53B5F /* Frameworks */ = {
			isa = PBXFrameworksBuildPhase;
			buildActionMask = 2147483647;
			files = (
			);
			runOnlyForDeploymentPostprocessing = 0;
		};
/* End PBXFrameworksBuildPhase section */

/* Begin PBXGroup section */
		56791173243B223600A53B5F = {
			isa = PBXGroup;
			children = (
				5679117E243B223600A53B5F /* Paknsave Checker */,
				5679117D243B223600A53B5F /* Products */,
			);
			sourceTree = "<group>";
		};
		5679117D243B223600A53B5F /* Products */ = {
			isa = PBXGroup;
			children = (
				5679117C243B223600A53B5F /* Slots Checker.app */,
			);
			name = Products;
			sourceTree = "<group>";
		};
		5679117E243B223600A53B5F /* Paknsave Checker */ = {
			isa = PBXGroup;
			children = (
				5679117F243B223600A53B5F /* AppDelegate.swift */,
				56791181243B223600A53B5F /* SceneDelegate.swift */,
				56791183243B223600A53B5F /* ViewController.swift */,
				56791185243B223600A53B5F /* Main.storyboard */,
				56791188243B223900A53B5F /* Assets.xcassets */,
				5679118A243B223900A53B5F /* LaunchScreen.storyboard */,
				5679118D243B223900A53B5F /* Info.plist */,
				56791193243B27DD00A53B5F /* model.swift */,
			);
			path = "Paknsave Checker";
			sourceTree = "<group>";
		};
/* End PBXGroup section */

/* Begin PBXNativeTarget section */
		5679117B243B223600A53B5F /* Paknsave Checker */ = {
			isa = PBXNativeTarget;
			buildConfigurationList = 56791190243B223900A53B5F /* Build configuration list for PBXNativeTarget "Paknsave Checker" */;
			buildPhases = (
				56791178243B223600A53B5F /* Sources */,
				56791179243B223600A53B5F /* Frameworks */,
				5679117A243B223600A53B5F /* Resources */,
			);
			buildRules = (
			);
			dependencies = (
			);
			name = "Paknsave Checker";
			productName = "Paknsave Checker";
			productReference = 5679117C243B223600A53B5F /* Slots Checker.app */;
			productType = "com.apple.product-type.application";
		};
/* End PBXNativeTarget section */

/* Begin PBXProject section */
		56791174243B223600A53B5F /* Project object */ = {
			isa = PBXProject;
			attributes = {
				LastSwiftUpdateCheck = 1140;
				LastUpgradeCheck = 1140;
				ORGANIZATIONNAME = SKY;
				TargetAttributes = {
					5679117B243B223600A53B5F = {
						CreatedOnToolsVersion = 11.4;
					};
				};
			};
			buildConfigurationList = 56791177243B223600A53B5F /* Build configuration list for PBXProject "Paknsave Checker" */;
			compatibilityVersion = "Xcode 9.3";
			developmentRegion = en;
			hasScannedForEncodings = 0;
			knownRegions = (
				en,
				Base,
			);
			mainGroup = 56791173243B223600A53B5F;
			productRefGroup = 5679117D243B223600A53B5F /* Products */;
			projectDirPath = "";
			projectRoot = "";
			targets = (
				5679117B243B223600A53B5F /* Paknsave Checker */,
			);
		};
/* End PBXProject section */

/* Begin PBXResourcesBuildPhase section */
		5679117A243B223600A53B5F /* Resources */ = {
			isa = PBXResourcesBuildPhase;
			buildActionMask = 2147483647;
			files = (
				5679118C243B223900A53B5F /* LaunchScreen.storyboard in Resources */,
				56791189243B223900A53B5F /* Assets.xcassets in Resources */,
				56791187243B223600A53B5F /* Main.storyboard in Resources */,
			);
			runOnlyForDeploymentPostprocessing = 0;
		};
/* End PBXResourcesBuildPhase section */

/* Begin PBXSourcesBuildPhase section */
		56791178243B223600A53B5F /* Sources */ = {
			isa = PBXSourcesBuildPhase;
			buildActionMask = 2147483647;
			files = (
				56791184243B223600A53B5F /* ViewController.swift in Sources */,
				56791180243B223600A53B5F /* AppDelegate.swift in Sources */,
				56791182243B223600A53B5F /* SceneDelegate.swift in Sources */,
				56791194243B27DD00A53B5F /* model.swift in Sources */,
			);
			runOnlyForDeploymentPostprocessing = 0;
		};
/* End PBXSourcesBuildPhase section */

/* Begin PBXVariantGroup section */
		56791185243B223600A53B5F /* Main.storyboard */ = {
			isa = PBXVariantGroup;
			children = (
				56791186243B223600A53B5F /* Base */,
			);
			name = Main.storyboard;
			sourceTree = "<group>";
		};
		5679118A243B223900A53B5F /* LaunchScreen.storyboard */ = {
			isa = PBXVariantGroup;
			children = (
				5679118B243B223900A53B5F /* Base */,
			);
			name = LaunchScreen.storyboard;
			sourceTree = "<group>";
		};
/* End PBXVariantGroup section */

/* Begin XCBuildConfiguration section */
		5679118E243B223900A53B5F /* Debug */ = {
			isa = XCBuildConfiguration;
			buildSettings = {
				ALWAYS_SEARCH_USER_PATHS = NO;
				CLANG_ANALYZER_NONNULL = YES;
				CLANG_ANALYZER_NUMBER_OBJECT_CONVERSION = YES_AGGRESSIVE;
				CLANG_CXX_LANGUAGE_STANDARD = "gnu++14";
				CLANG_CXX_LIBRARY = "libc++";
				CLANG_ENABLE_MODULES = YES;
				CLANG_ENABLE_OBJC_ARC = YES;
				CLANG_ENABLE_OBJC_WEAK = YES;
				CLANG_WARN_BLOCK_CAPTURE_AUTORELEASING = YES;
				CLANG_WARN_BOOL_CONVERSION = YES;
				CLANG_WARN_COMMA = YES;
				CLANG_WARN_CONSTANT_CONVERSION = YES;
				CLANG_WARN_DEPRECATED_OBJC_IMPLEMENTATIONS = YES;
				CLANG_WARN_DIRECT_OBJC_ISA_USAGE = YES_ERROR;
				CLANG_WARN_DOCUMENTATION_COMMENTS = YES;
				CLANG_WARN_EMPTY_BODY = YES;
				CLANG_WARN_ENUM_CONVERSION = YES;
				CLANG_WARN_INFINITE_RECURSION = YES;
				CLANG_WARN_INT_CONVERSION = YES;
				CLANG_WARN_NON_LITERAL_NULL_CONVERSION = YES;
				CLANG_WARN_OBJC_IMPLICIT_RETAIN_SELF = YES;
				CLANG_WARN_OBJC_LITERAL_CONVERSION = YES;
				CLANG_WARN_OBJC_ROOT_CLASS = YES_ERROR;
				CLANG_WARN_RANGE_LOOP_ANALYSIS = YES;
				CLANG_WARN_STRICT_PROTOTYPES = YES;
				CLANG_WARN_SUSPICIOUS_MOVE = YES;
				CLANG_WARN_UNGUARDED_AVAILABILITY = YES_AGGRESSIVE;
				CLANG_WARN_UNREACHABLE_CODE = YES;
				CLANG_WARN__DUPLICATE_METHOD_MATCH = YES;
				COPY_PHASE_STRIP = NO;
				DEBUG_INFORMATION_FORMAT = dwarf;
				ENABLE_STRICT_OBJC_MSGSEND = YES;
				ENABLE_TESTABILITY = YES;
				GCC_C_LANGUAGE_STANDARD = gnu11;
				GCC_DYNAMIC_NO_PIC = NO;
				GCC_NO_COMMON_BLOCKS = YES;
				GCC_OPTIMIZATION_LEVEL = 0;
				GCC_PREPROCESSOR_DEFINITIONS = (
					"DEBUG=1",
					"$(inherited)",
				);
				GCC_WARN_64_TO_32_BIT_CONVERSION = YES;
				GCC_WARN_ABOUT_RETURN_TYPE = YES_ERROR;
				GCC_WARN_UNDECLARED_SELECTOR = YES;
				GCC_WARN_UNINITIALIZED_AUTOS = YES_AGGRESSIVE;
				GCC_WARN_UNUSED_FUNCTION = YES;
				GCC_WARN_UNUSED_VARIABLE = YES;
				IPHONEOS_DEPLOYMENT_TARGET = 13.4;
				MTL_ENABLE_DEBUG_INFO = INCLUDE_SOURCE;
				MTL_FAST_MATH = YES;
				ONLY_ACTIVE_ARCH = YES;
				SDKROOT = iphoneos;
				SWIFT_ACTIVE_COMPILATION_CONDITIONS = DEBUG;
				SWIFT_OPTIMIZATION_LEVEL = "-Onone";
			};
			name = Debug;
		};
		5679118F243B223900A53B5F /* Release */ = {
			isa = XCBuildConfiguration;
			buildSettings = {
				ALWAYS_SEARCH_USER_PATHS = NO;
				CLANG_ANALYZER_NONNULL = YES;
				CLANG_ANALYZER_NUMBER_OBJECT_CONVERSION = YES_AGGRESSIVE;
				CLANG_CXX_LANGUAGE_STANDARD = "gnu++14";
				CLANG_CXX_LIBRARY = "libc++";
				CLANG_ENABLE_MODULES = YES;
				CLANG_ENABLE_OBJC_ARC = YES;
				CLANG_ENABLE_OBJC_WEAK = YES;
				CLANG_WARN_BLOCK_CAPTURE_AUTORELEASING = YES;
				CLANG_WARN_BOOL_CONVERSION = YES;
				CLANG_WARN_COMMA = YES;
				CLANG_WARN_CONSTANT_CONVERSION = YES;
				CLANG_WARN_DEPRECATED_OBJC_IMPLEMENTATIONS = YES;
				CLANG_WARN_DIRECT_OBJC_ISA_USAGE = YES_ERROR;
				CLANG_WARN_DOCUMENTATION_COMMENTS = YES;
				CLANG_WARN_EMPTY_BODY = YES;
				CLANG_WARN_ENUM_CONVERSION = YES;
				CLANG_WARN_INFINITE_RECURSION = YES;
				CLANG_WARN_INT_CONVERSION = YES;
				CLANG_WARN_NON_LITERAL_NULL_CONVERSION = YES;
				CLANG_WARN_OBJC_IMPLICIT_RETAIN_SELF = YES;
				CLANG_WARN_OBJC_LITERAL_CONVERSION = YES;
				CLANG_WARN_OBJC_ROOT_CLASS = YES_ERROR;
				CLANG_WARN_RANGE_LOOP_ANALYSIS = YES;
				CLANG_WARN_STRICT_PROTOTYPES = YES;
				CLANG_WARN_SUSPICIOUS_MOVE = YES;
				CLANG_WARN_UNGUARDED_AVAILABILITY = YES_AGGRESSIVE;
				CLANG_WARN_UNREACHABLE_CODE = YES;
				CLANG_WARN__DUPLICATE_METHOD_MATCH = YES;
				COPY_PHASE_STRIP = NO;
				DEBUG_INFORMATION_FORMAT = "dwarf-with-dsym";
				ENABLE_NS_ASSERTIONS = NO;
				ENABLE_STRICT_OBJC_MSGSEND = YES;
				GCC_C_LANGUAGE_STANDARD = gnu11;
				GCC_NO_COMMON_BLOCKS = YES;
				GCC_WARN_64_TO_32_BIT_CONVERSION = YES;
				GCC_WARN_ABOUT_RETURN_TYPE = YES_ERROR;
				GCC_WARN_UNDECLARED_SELECTOR = YES;
				GCC_WARN_UNINITIALIZED_AUTOS = YES_AGGRESSIVE;
				GCC_WARN_UNUSED_FUNCTION = YES;
				GCC_WARN_UNUSED_VARIABLE = YES;
				IPHONEOS_DEPLOYMENT_TARGET = 13.4;
				MTL_ENABLE_DEBUG_INFO = NO;
				MTL_FAST_MATH = YES;
				SDKROOT = iphoneos;
				SWIFT_COMPILATION_MODE = wholemodule;
				SWIFT_OPTIMIZATION_LEVEL = "-O";
				VALIDATE_PRODUCT = YES;
			};
			name = Release;
		};
		56791191243B223900A53B5F /* Debug */ = {
			isa = XCBuildConfiguration;
			buildSettings = {
				ASSETCATALOG_COMPILER_APPICON_NAME = AppIcon;
				CODE_SIGN_STYLE = Automatic;
				DEVELOPMENT_TEAM = B99BQU96NT;
				INFOPLIST_FILE = "Paknsave Checker/Info.plist";
				LD_RUNPATH_SEARCH_PATHS = (
					"$(inherited)",
					"@executable_path/Frameworks",
				);
				PRODUCT_BUNDLE_IDENTIFIER = "nz.co.paknsave.Paknsave-Checker";
				PRODUCT_NAME = "Slots Checker";
				SWIFT_VERSION = 5.0;
				TARGETED_DEVICE_FAMILY = "1,2";
			};
			name = Debug;
		};
		56791192243B223900A53B5F /* Release */ = {
			isa = XCBuildConfiguration;
			buildSettings = {
				ASSETCATALOG_COMPILER_APPICON_NAME = AppIcon;
				CODE_SIGN_STYLE = Automatic;
				DEVELOPMENT_TEAM = B99BQU96NT;
				INFOPLIST_FILE = "Paknsave Checker/Info.plist";
				LD_RUNPATH_SEARCH_PATHS = (
					"$(inherited)",
					"@executable_path/Frameworks",
				);
				PRODUCT_BUNDLE_IDENTIFIER = "nz.co.paknsave.Paknsave-Checker";
				PRODUCT_NAME = "Slots Checker";
				SWIFT_VERSION = 5.0;
				TARGETED_DEVICE_FAMILY = "1,2";
			};
			name = Release;
		};
/* End XCBuildConfiguration section */

/* Begin XCConfigurationList section */
		56791177243B223600A53B5F /* Build configuration list for PBXProject "Paknsave Checker" */ = {
			isa = XCConfigurationList;
			buildConfigurations = (
				5679118E243B223900A53B5F /* Debug */,
				5679118F243B223900A53B5F /* Release */,
			);
			defaultConfigurationIsVisible = 0;
			defaultConfigurationName = Release;
		};
		56791190243B223900A53B5F /* Build configuration list for PBXNativeTarget "Paknsave Checker" */ = {
			isa = XCConfigurationList;
			buildConfigurations = (
				56791191243B223900A53B5F /* Debug */,
				56791192243B223900A53B5F /* Release */,
			);
			defaultConfigurationIsVisible = 0;
			defaultConfigurationName = Release;
		};
/* End XCConfigurationList section */
	};
	rootObject = 56791174243B223600A53B5F /* Project object */;
}
